<?xml version="1.0" encoding="utf-8"?>
<Project ToolsVersion="4.0" xmlns="http://schemas.microsoft.com/developer/msbuild/2003">
  <ItemGroup>
    <Filter Include="Source Files">
      <UniqueIdentifier>{4FC737F1-C7A5-4376-A066-2A32D752A2FF}</UniqueIdentifier>
      <Extensions>cpp;c;cc;cxx;def;odl;idl;hpj;bat;asm;asmx</Extensions>
    </Filter>
    <Filter Include="Header Files">
      <UniqueIdentifier>{93995380-89BD-4b04-88EB-625FBE52EBFB}</UniqueIdentifier>
      <Extensions>h;hh;hpp;hxx;hm;inl;inc;xsd</Extensions>
    </Filter>
    <Filter Include="Resource Files">
      <UniqueIdentifier>{67DA6AB6-F800-4c08-8B7A-83BB121AAD01}</UniqueIdentifier>
      <Extensions>rc;ico;cur;bmp;dlg;rc2;rct;bin;rgs;gif;jpg;jpeg;jpe;resx;tiff;tif;png;wav;mfcribbon-ms</Extensions>
    </Filter>
    <Filter Include="cython">
      <UniqueIdentifier>{25c50a6b-d2d5-4973-bb53-b158b94da884}</UniqueIdentifier>
    </Filter>
  </ItemGroup>
  <ItemGroup>
    <ClCompile Include="..\..\pysim\systems\defaultsystemcollection1\cppsource\Factory.cpp">
      <Filter>Source Files</Filter>
    </ClCompile>
    <ClCompile Include="..\..\pysim\systems\defaultsystemcollection1\cppsource\MassSpringDamper.cpp">
      <Filter>Source Files</Filter>
    </ClCompile>
    <ClCompile Include="..\..\pysim\systems\defaultsystemcollection1\cppsource\PredatorPrey.cpp">
      <Filter>Source Files</Filter>
    </ClCompile>
    <ClCompile Include="..\..\pysim\systems\defaultsystemcollection1\defaultsystemcollection1.cpp">
      <Filter>Source Files</Filter>
    </ClCompile>
    <ClCompile Include="..\..\pysim\systems\defaultsystemcollection1\cppsource\SquareWave.cpp">
      <Filter>Source Files</Filter>
    </ClCompile>
    <ClCompile Include="..\..\pysim\systems\defaultsystemcollection1\cppsource\Adder3D.cpp">
      <Filter>Source Files</Filter>
    </ClCompile>
    <ClCompile Include="..\..\pysim\systems\defaultsystemcollection1\cppsource\DiscretePID.cpp">
      <Filter>Source Files</Filter>
    </ClCompile>
    <ClCompile Include="..\..\pysim\systems\defaultsystemcollection1\cppsource\ReadTextInput.cpp">
      <Filter>Source Files</Filter>
    </ClCompile>
    <ClCompile Include="..\..\pysim\systems\defaultsystemcollection1\cppsource\RigidBody.cpp">
      <Filter>Source Files</Filter>
    </ClCompile>
    <ClCompile Include="..\..\pysim\systems\defaultsystemcollection1\cppsource\ScalarAdder.cpp">
      <Filter>Source Files</Filter>
    </ClCompile>
    <ClCompile Include="..\..\pysim\systems\defaultsystemcollection1\cppsource\VanDerPol.cpp">
      <Filter>Source Files</Filter>
    </ClCompile>
    <ClCompile Include="..\..\pysim\systems\defaultsystemcollection1\cppsource\LogisticMap.cpp">
      <Filter>Source Files</Filter>
    </ClCompile>
    <ClCompile Include="..\..\pysim\systems\defaultsystemcollection1\cppsource\Adder.cpp">
      <Filter>Source Files</Filter>
    </ClCompile>
  </ItemGroup>
  <ItemGroup>
    <ClInclude Include="..\..\pysim\systems\defaultsystemcollection1\cppsource\Factory.hpp">
      <Filter>Header Files</Filter>
    </ClInclude>
    <ClInclude Include="..\..\pysim\systems\defaultsystemcollection1\cppsource\MassSpringDamper.h">
      <Filter>Header Files</Filter>
    </ClInclude>
    <ClInclude Include="..\..\pysim\systems\defaultsystemcollection1\cppsource\PredatorPrey.h">
      <Filter>Header Files</Filter>
    </ClInclude>
    <ClInclude Include="..\..\pysim\systems\defaultsystemcollection1\cppsource\SquareWave.h">
      <Filter>Header Files</Filter>
    </ClInclude>
    <ClInclude Include="..\..\pysim\systems\defaultsystemcollection1\cppsource\Adder3D.h">
      <Filter>Header Files</Filter>
    </ClInclude>
    <ClInclude Include="..\..\pysim\systems\defaultsystemcollection1\cppsource\DiscretePID.h">
      <Filter>Header Files</Filter>
    </ClInclude>
    <ClInclude Include="..\..\pysim\systems\defaultsystemcollection1\cppsource\ReadTextInput.h">
      <Filter>Header Files</Filter>
    </ClInclude>
    <ClInclude Include="..\..\pysim\systems\defaultsystemcollection1\cppsource\RigidBody.h">
      <Filter>Header Files</Filter>
    </ClInclude>
    <ClInclude Include="..\..\pysim\systems\defaultsystemcollection1\cppsource\ScalarAdder.h">
      <Filter>Header Files</Filter>
    </ClInclude>
    <ClInclude Include="..\..\pysim\systems\defaultsystemcollection1\cppsource\VanDerPol.h">
      <Filter>Header Files</Filter>
    </ClInclude>
    <ClInclude Include="..\..\pysim\systems\defaultsystemcollection1\cppsource\LogisticMap.h">
      <Filter>Header Files</Filter>
    </ClInclude>
    <ClInclude Include="..\..\pysim\systems\defaultsystemcollection1\cppsource\Adder.h">
      <Filter>Header Files</Filter>
    </ClInclude>
  </ItemGroup>
  <ItemGroup>
    <CustomBuild Include="..\..\pysim\systems\defaultsystemcollection1\defaultsystemcollection1.pyx">
      <Filter>cython</Filter>
    </CustomBuild>
  </ItemGroup>
</Project>